
Microsoft Visual Studio Solution File, Format Version 12.00
# Visual Studio Version 17
VisualStudioVersion = 17.5.001.0
MinimumVisualStudioVersion = 10.0.40219.1
Project("{9A19103F-16F7-4668-BE54-9A1E7A4F7556}") = "AuthenticationAPI", "AuthenticationAPI.csproj", "{C9B3A78D-3A2B-4D20-B5DE-C2EA32C7EC70}"
EndProject
Global
	GlobalSection(SolutionConfigurationPlatforms) = preSolution
		Debug|Any CPU = Debug|Any CPU
		Release|Any CPU = Release|Any CPU
	EndGlobalSection
	GlobalSection(ProjectConfigurationPlatforms) = postSolution
		{C9B3A78D-3A2B-4D20-B5DE-C2EA32C7EC70}.Debug|Any CPU.ActiveCfg = Debug|Any CPU
		{C9B3A78D-3A2B-4D20-B5DE-C2EA32C7EC70}.Debug|Any CPU.Build.0 = Debug|Any CPU
		{C9B3A78D-3A2B-4D20-B5DE-C2EA32C7EC70}.Release|Any CPU.ActiveCfg = Release|Any CPU
		{C9B3A78D-3A2B-4D20-B5DE-C2EA32C7EC70}.Release|Any CPU.Build.0 = Release|Any CPU
	EndGlobalSection
	GlobalSection(SolutionProperties) = preSolution
		HideSolutionNode = FALSE
	EndGlobalSection
	GlobalSection(ExtensibilityGlobals) = postSolution
		SolutionGuid = {75AB63BC-D031-4281-87A3-EF507F3DD30A}
	EndGlobalSection
EndGlobal
